
Microsoft Visual Studio Solution File, Format Version 12.00
# Visual Studio Version 17
VisualStudioVersion = 17.11.35312.102
MinimumVisualStudioVersion = 10.0.40219.1
Project("{FAE04EC0-301F-11D3-BF4B-00C04F79EFBC}") = "WebServiceApi", "WebServiceApi.csproj", "{42D8B688-E9CE-4269-8C02-34628E699028}"
EndProject
Project("{FAE04EC0-301F-11D3-BF4B-00C04F79EFBC}") = "WebServiceApi.Domain", "..\WebServiceApi.Domain\WebServiceApi.Domain.csproj", "{9982783C-B8BD-4B5C-9AB7-D238AE0E0D7E}"
EndProject
Project("{FAE04EC0-301F-11D3-BF4B-00C04F79EFBC}") = "WebServiceApi.Application", "..\WebServiceApi.Application\WebServiceApi.Application.csproj", "{6D243142-6247-458C-BA86-DBD2EB8CFE52}"
EndProject
Project("{FAE04EC0-301F-11D3-BF4B-00C04F79EFBC}") = "WebServiceApi.Infrastructure", "..\WebServiceApi.Infrastructure\WebServiceApi.Infrastructure.csproj", "{C0EE79B4-8AD7-4DAE-8CBE-7C34504BE08B}"
EndProject
Project("{FAE04EC0-301F-11D3-BF4B-00C04F79EFBC}") = "WebServiceApi.Presentation", "..\WebServiceApi.Presentation\WebServiceApi.Presentation.csproj", "{A293B124-B276-4E8D-AA01-5B9671B0F021}"
EndProject
Global
	GlobalSection(SolutionConfigurationPlatforms) = preSolution
		Debug|Any CPU = Debug|Any CPU
		Release|Any CPU = Release|Any CPU
	EndGlobalSection
	GlobalSection(ProjectConfigurationPlatforms) = postSolution
		{42D8B688-E9CE-4269-8C02-34628E699028}.Debug|Any CPU.ActiveCfg = Debug|Any CPU
		{42D8B688-E9CE-4269-8C02-34628E699028}.Debug|Any CPU.Build.0 = Debug|Any CPU
		{42D8B688-E9CE-4269-8C02-34628E699028}.Release|Any CPU.ActiveCfg = Release|Any CPU
		{42D8B688-E9CE-4269-8C02-34628E699028}.Release|Any CPU.Build.0 = Release|Any CPU
		{9982783C-B8BD-4B5C-9AB7-D238AE0E0D7E}.Debug|Any CPU.ActiveCfg = Debug|Any CPU
		{9982783C-B8BD-4B5C-9AB7-D238AE0E0D7E}.Debug|Any CPU.Build.0 = Debug|Any CPU
		{9982783C-B8BD-4B5C-9AB7-D238AE0E0D7E}.Release|Any CPU.ActiveCfg = Release|Any CPU
		{9982783C-B8BD-4B5C-9AB7-D238AE0E0D7E}.Release|Any CPU.Build.0 = Release|Any CPU
		{6D243142-6247-458C-BA86-DBD2EB8CFE52}.Debug|Any CPU.ActiveCfg = Debug|Any CPU
		{6D243142-6247-458C-BA86-DBD2EB8CFE52}.Debug|Any CPU.Build.0 = Debug|Any CPU
		{6D243142-6247-458C-BA86-DBD2EB8CFE52}.Release|Any CPU.ActiveCfg = Release|Any CPU
		{6D243142-6247-458C-BA86-DBD2EB8CFE52}.Release|Any CPU.Build.0 = Release|Any CPU
		{C0EE79B4-8AD7-4DAE-8CBE-7C34504BE08B}.Debug|Any CPU.ActiveCfg = Debug|Any CPU
		{C0EE79B4-8AD7-4DAE-8CBE-7C34504BE08B}.Debug|Any CPU.Build.0 = Debug|Any CPU
		{C0EE79B4-8AD7-4DAE-8CBE-7C34504BE08B}.Release|Any CPU.ActiveCfg = Release|Any CPU
		{C0EE79B4-8AD7-4DAE-8CBE-7C34504BE08B}.Release|Any CPU.Build.0 = Release|Any CPU
		{A293B124-B276-4E8D-AA01-5B9671B0F021}.Debug|Any CPU.ActiveCfg = Debug|Any CPU
		{A293B124-B276-4E8D-AA01-5B9671B0F021}.Debug|Any CPU.Build.0 = Debug|Any CPU
		{A293B124-B276-4E8D-AA01-5B9671B0F021}.Release|Any CPU.ActiveCfg = Release|Any CPU
		{A293B124-B276-4E8D-AA01-5B9671B0F021}.Release|Any CPU.Build.0 = Release|Any CPU
	EndGlobalSection
	GlobalSection(SolutionProperties) = preSolution
		HideSolutionNode = FALSE
	EndGlobalSection
	GlobalSection(ExtensibilityGlobals) = postSolution
		SolutionGuid = {BE6C7170-F95B-4BCB-BF15-90D670E3DDDF}
	EndGlobalSection
EndGlobal
